
Microsoft Visual Studio Solution File, Format Version 12.00
# Visual Studio Version 17
VisualStudioVersion = 17.10.34916.146
MinimumVisualStudioVersion = 10.0.40219.1
Project("{9A19103F-16F7-4668-BE54-9A1E7A4F7556}") = "KittyHorrorshowTranslations", "KittyHorrorshowTranslations.csproj", "{62C1065B-8589-4B7C-AFFC-95F0543D6DBA}"
EndProject
Global
	GlobalSection(SolutionConfigurationPlatforms) = preSolution
		Debug|Any CPU = Debug|Any CPU
		Release|Any CPU = Release|Any CPU
	EndGlobalSection
	GlobalSection(ProjectConfigurationPlatforms) = postSolution
		{62C1065B-8589-4B7C-AFFC-95F0543D6DBA}.Debug|Any CPU.ActiveCfg = Debug|Any CPU
		{62C1065B-8589-4B7C-AFFC-95F0543D6DBA}.Debug|Any CPU.Build.0 = Debug|Any CPU
		{62C1065B-8589-4B7C-AFFC-95F0543D6DBA}.Release|Any CPU.ActiveCfg = Release|Any CPU
		{62C1065B-8589-4B7C-AFFC-95F0543D6DBA}.Release|Any CPU.Build.0 = Release|Any CPU
	EndGlobalSection
	GlobalSection(SolutionProperties) = preSolution
		HideSolutionNode = FALSE
	EndGlobalSection
	GlobalSection(ExtensibilityGlobals) = postSolution
		SolutionGuid = {A7D8790D-D648-490A-9EDC-1DE261A87AB7}
	EndGlobalSection
EndGlobal
